
Microsoft Visual Studio Solution File, Format Version 12.00
# Visual Studio Version 17
VisualStudioVersion = 17.13.35919.96 d17.13
MinimumVisualStudioVersion = 10.0.40219.1
Project("{FAE04EC0-301F-11D3-BF4B-00C04F79EFBC}") = "SoulsFormatsTester", "SoulsFormatsTester\SoulsFormatsTester.csproj", "{CA91B5F0-332A-40DF-99A4-B7FD7298F341}"
EndProject
Project("{FAE04EC0-301F-11D3-BF4B-00C04F79EFBC}") = "SoulsFormats", "..\SoulsFormatsNEXT\SoulsFormats\SoulsFormats.csproj", "{A4FDBC2B-2028-910D-8100-CA63031A0582}"
EndProject
Global
	GlobalSection(SolutionConfigurationPlatforms) = preSolution
		Debug|Any CPU = Debug|Any CPU
		Release|Any CPU = Release|Any CPU
	EndGlobalSection
	GlobalSection(ProjectConfigurationPlatforms) = postSolution
		{CA91B5F0-332A-40DF-99A4-B7FD7298F341}.Debug|Any CPU.ActiveCfg = Debug|Any CPU
		{CA91B5F0-332A-40DF-99A4-B7FD7298F341}.Debug|Any CPU.Build.0 = Debug|Any CPU
		{CA91B5F0-332A-40DF-99A4-B7FD7298F341}.Release|Any CPU.ActiveCfg = Release|Any CPU
		{CA91B5F0-332A-40DF-99A4-B7FD7298F341}.Release|Any CPU.Build.0 = Release|Any CPU
		{A4FDBC2B-2028-910D-8100-CA63031A0582}.Debug|Any CPU.ActiveCfg = Debug|Any CPU
		{A4FDBC2B-2028-910D-8100-CA63031A0582}.Debug|Any CPU.Build.0 = Debug|Any CPU
		{A4FDBC2B-2028-910D-8100-CA63031A0582}.Release|Any CPU.ActiveCfg = Release|Any CPU
		{A4FDBC2B-2028-910D-8100-CA63031A0582}.Release|Any CPU.Build.0 = Release|Any CPU
	EndGlobalSection
	GlobalSection(SolutionProperties) = preSolution
		HideSolutionNode = FALSE
	EndGlobalSection
	GlobalSection(ExtensibilityGlobals) = postSolution
		SolutionGuid = {0DDD29CF-34DE-4AFC-994A-FA5E14075C86}
	EndGlobalSection
EndGlobal
